// !$*UTF8*$!
{
	archiveVersion = 1;
	classes = {
	};
	objectVersion = 55;
	objects = {

/* Begin PBXBuildFile section */
		00D7DFFEF3DD3680573E5D88 /* Pods_Mobile_Up_GalleryTests.framework in Frameworks */ = {isa = PBXBuildFile; fileRef = 5255C7E5E317B947E63BF848 /* Pods_Mobile_Up_GalleryTests.framework */; };
		2ECEA9AC48E94768381E661C /* Pods_Mobile_Up_Gallery_Mobile_Up_GalleryUITests.framework in Frameworks */ = {isa = PBXBuildFile; fileRef = 0EEACA37B31C851367BACA28 /* Pods_Mobile_Up_Gallery_Mobile_Up_GalleryUITests.framework */; };
		741A5CA427EF815E001C67DC /* SFPRODISPLAYBOLD.OTF in Resources */ = {isa = PBXBuildFile; fileRef = 741A5CA327EF815E001C67DC /* SFPRODISPLAYBOLD.OTF */; };
		741A5CA727EF82DB001C67DC /* UIFont.swift in Sources */ = {isa = PBXBuildFile; fileRef = 741A5CA627EF82DB001C67DC /* UIFont.swift */; };
		741A5CAA27EF8431001C67DC /* Button.swift in Sources */ = {isa = PBXBuildFile; fileRef = 741A5CA927EF8431001C67DC /* Button.swift */; };
		741A5CAC27EF84E7001C67DC /* Label.swift in Sources */ = {isa = PBXBuildFile; fileRef = 741A5CAB27EF84E7001C67DC /* Label.swift */; };
		741A5CAE27EF8629001C67DC /* Model.swift in Sources */ = {isa = PBXBuildFile; fileRef = 741A5CAD27EF8629001C67DC /* Model.swift */; };
		741D275127EF3F2E0096E8D3 /* SFPRODISPLAYMEDIUM.OTF in Resources */ = {isa = PBXBuildFile; fileRef = 741D275027EF3F2E0096E8D3 /* SFPRODISPLAYMEDIUM.OTF */; };
		7425A06B27F0919A00D3136E /* AlbumModel.swift in Sources */ = {isa = PBXBuildFile; fileRef = 7425A06A27F0919A00D3136E /* AlbumModel.swift */; };
		7425A06E27F0A6DD00D3136E /* UICollectionViewViewController.swift in Sources */ = {isa = PBXBuildFile; fileRef = 7425A06C27F0A6DD00D3136E /* UICollectionViewViewController.swift */; };
		7425A06F27F0A6DD00D3136E /* UICollectionViewViewController.xib in Resources */ = {isa = PBXBuildFile; fileRef = 7425A06D27F0A6DD00D3136E /* UICollectionViewViewController.xib */; };
		7440C20127F229EE001B3C6A /* DownloadModel.swift in Sources */ = {isa = PBXBuildFile; fileRef = 7440C20027F229EE001B3C6A /* DownloadModel.swift */; };
		7440C20327F2536A001B3C6A /* SecondCell.swift in Sources */ = {isa = PBXBuildFile; fileRef = 7440C20227F2536A001B3C6A /* SecondCell.swift */; };
		7440C20527F258A2001B3C6A /* ThirdCollectionViewCell.swift in Sources */ = {isa = PBXBuildFile; fileRef = 7440C20427F258A2001B3C6A /* ThirdCollectionViewCell.swift */; };
		749348D427EDE21900757B45 /* AppDelegate.swift in Sources */ = {isa = PBXBuildFile; fileRef = 749348D327EDE21900757B45 /* AppDelegate.swift */; };
		749348D627EDE21900757B45 /* SceneDelegate.swift in Sources */ = {isa = PBXBuildFile; fileRef = 749348D527EDE21900757B45 /* SceneDelegate.swift */; };
		749348D827EDE21900757B45 /* ViewController.swift in Sources */ = {isa = PBXBuildFile; fileRef = 749348D727EDE21900757B45 /* ViewController.swift */; };
		749348DD27EDE21C00757B45 /* Assets.xcassets in Resources */ = {isa = PBXBuildFile; fileRef = 749348DC27EDE21C00757B45 /* Assets.xcassets */; };
		749348E027EDE21C00757B45 /* LaunchScreen.storyboard in Resources */ = {isa = PBXBuildFile; fileRef = 749348DE27EDE21C00757B45 /* LaunchScreen.storyboard */; };
		749348EB27EDE21C00757B45 /* Mobile_Up_GalleryTests.swift in Sources */ = {isa = PBXBuildFile; fileRef = 749348EA27EDE21C00757B45 /* Mobile_Up_GalleryTests.swift */; };
		749348F527EDE21C00757B45 /* Mobile_Up_GalleryUITests.swift in Sources */ = {isa = PBXBuildFile; fileRef = 749348F427EDE21C00757B45 /* Mobile_Up_GalleryUITests.swift */; };
		749348F727EDE21C00757B45 /* Mobile_Up_GalleryUITestsLaunchTests.swift in Sources */ = {isa = PBXBuildFile; fileRef = 749348F627EDE21C00757B45 /* Mobile_Up_GalleryUITestsLaunchTests.swift */; };
		74AEB7E127EF4B1F00A5254A /* WebController.swift in Sources */ = {isa = PBXBuildFile; fileRef = 74AEB7E027EF4B1F00A5254A /* WebController.swift */; };
		74C3AE3C27F1FA7C00182B17 /* WKWebView.swift in Sources */ = {isa = PBXBuildFile; fileRef = 74C3AE3B27F1FA7C00182B17 /* WKWebView.swift */; };
		74C3AE3F27F203B000182B17 /* ColCell.swift in Sources */ = {isa = PBXBuildFile; fileRef = 74C3AE3D27F203B000182B17 /* ColCell.swift */; };
		74C3AE4027F203B000182B17 /* ColCell.xib in Resources */ = {isa = PBXBuildFile; fileRef = 74C3AE3E27F203B000182B17 /* ColCell.xib */; };
		950B842B8DB3F71A3ACB9A09 /* Pods_Mobile_Up_Gallery.framework in Frameworks */ = {isa = PBXBuildFile; fileRef = 5FF4811EDB8A35B6F68A3C20 /* Pods_Mobile_Up_Gallery.framework */; };
/* End PBXBuildFile section */

/* Begin PBXContainerItemProxy section */
		749348E727EDE21C00757B45 /* PBXContainerItemProxy */ = {
			isa = PBXContainerItemProxy;
			containerPortal = 749348C827EDE21900757B45 /* Project object */;
			proxyType = 1;
			remoteGlobalIDString = 749348CF27EDE21900757B45;
			remoteInfo = "Mobile Up Gallery";
		};
		749348F127EDE21C00757B45 /* PBXContainerItemProxy */ = {
			isa = PBXContainerItemProxy;
			containerPortal = 749348C827EDE21900757B45 /* Project object */;
			proxyType = 1;
			remoteGlobalIDString = 749348CF27EDE21900757B45;
			remoteInfo = "Mobile Up Gallery";
		};
/* End PBXContainerItemProxy section */

/* Begin PBXFileReference section */
		0EEACA37B31C851367BACA28 /* Pods_Mobile_Up_Gallery_Mobile_Up_GalleryUITests.framework */ = {isa = PBXFileReference; explicitFileType = wrapper.framework; includeInIndex = 0; path = Pods_Mobile_Up_Gallery_Mobile_Up_GalleryUITests.framework; sourceTree = BUILT_PRODUCTS_DIR; };
		26F12E1E3A36645E6F1DE016 /* Pods-Mobile Up Gallery-Mobile Up GalleryUITests.debug.xcconfig */ = {isa = PBXFileReference; includeInIndex = 1; lastKnownFileType = text.xcconfig; name = "Pods-Mobile Up Gallery-Mobile Up GalleryUITests.debug.xcconfig"; path = "Target Support Files/Pods-Mobile Up Gallery-Mobile Up GalleryUITests/Pods-Mobile Up Gallery-Mobile Up GalleryUITests.debug.xcconfig"; sourceTree = "<group>"; };
		501CAF80703B77F88C115783 /* Pods-Mobile Up Gallery.debug.xcconfig */ = {isa = PBXFileReference; includeInIndex = 1; lastKnownFileType = text.xcconfig; name = "Pods-Mobile Up Gallery.debug.xcconfig"; path = "Target Support Files/Pods-Mobile Up Gallery/Pods-Mobile Up Gallery.debug.xcconfig"; sourceTree = "<group>"; };
		5255C7E5E317B947E63BF848 /* Pods_Mobile_Up_GalleryTests.framework */ = {isa = PBXFileReference; explicitFileType = wrapper.framework; includeInIndex = 0; path = Pods_Mobile_Up_GalleryTests.framework; sourceTree = BUILT_PRODUCTS_DIR; };
		5FF4811EDB8A35B6F68A3C20 /* Pods_Mobile_Up_Gallery.framework */ = {isa = PBXFileReference; explicitFileType = wrapper.framework; includeInIndex = 0; path = Pods_Mobile_Up_Gallery.framework; sourceTree = BUILT_PRODUCTS_DIR; };
		741A5CA327EF815E001C67DC /* SFPRODISPLAYBOLD.OTF */ = {isa = PBXFileReference; lastKnownFileType = file; name = SFPRODISPLAYBOLD.OTF; path = "../../../../Downloads/sf-pro-display-cufonfonts/SFPRODISPLAYBOLD.OTF"; sourceTree = "<group>"; };
		741A5CA627EF82DB001C67DC /* UIFont.swift */ = {isa = PBXFileReference; lastKnownFileType = sourcecode.swift; path = UIFont.swift; sourceTree = "<group>"; };
		741A5CA927EF8431001C67DC /* Button.swift */ = {isa = PBXFileReference; lastKnownFileType = sourcecode.swift; path = Button.swift; sourceTree = "<group>"; };
		741A5CAB27EF84E7001C67DC /* Label.swift */ = {isa = PBXFileReference; lastKnownFileType = sourcecode.swift; path = Label.swift; sourceTree = "<group>"; };
		741A5CAD27EF8629001C67DC /* Model.swift */ = {isa = PBXFileReference; lastKnownFileType = sourcecode.swift; path = Model.swift; sourceTree = "<group>"; };
		741D275027EF3F2E0096E8D3 /* SFPRODISPLAYMEDIUM.OTF */ = {isa = PBXFileReference; lastKnownFileType = file; path = SFPRODISPLAYMEDIUM.OTF; sourceTree = "<group>"; };
		7425A06A27F0919A00D3136E /* AlbumModel.swift */ = {isa = PBXFileReference; lastKnownFileType = sourcecode.swift; path = AlbumModel.swift; sourceTree = "<group>"; };
		7425A06C27F0A6DD00D3136E /* UICollectionViewViewController.swift */ = {isa = PBXFileReference; lastKnownFileType = sourcecode.swift; path = UICollectionViewViewController.swift; sourceTree = "<group>"; };
		7425A06D27F0A6DD00D3136E /* UICollectionViewViewController.xib */ = {isa = PBXFileReference; lastKnownFileType = file.xib; path = UICollectionViewViewController.xib; sourceTree = "<group>"; };
		7440C20027F229EE001B3C6A /* DownloadModel.swift */ = {isa = PBXFileReference; lastKnownFileType = sourcecode.swift; path = DownloadModel.swift; sourceTree = "<group>"; };
		7440C20227F2536A001B3C6A /* SecondCell.swift */ = {isa = PBXFileReference; lastKnownFileType = sourcecode.swift; path = SecondCell.swift; sourceTree = "<group>"; };
		7440C20427F258A2001B3C6A /* ThirdCollectionViewCell.swift */ = {isa = PBXFileReference; lastKnownFileType = sourcecode.swift; path = ThirdCollectionViewCell.swift; sourceTree = "<group>"; };
		749348D027EDE21900757B45 /* Mobile Up Gallery.app */ = {isa = PBXFileReference; explicitFileType = wrapper.application; includeInIndex = 0; path = "Mobile Up Gallery.app"; sourceTree = BUILT_PRODUCTS_DIR; };
		749348D327EDE21900757B45 /* AppDelegate.swift */ = {isa = PBXFileReference; lastKnownFileType = sourcecode.swift; path = AppDelegate.swift; sourceTree = "<group>"; };
		749348D527EDE21900757B45 /* SceneDelegate.swift */ = {isa = PBXFileReference; lastKnownFileType = sourcecode.swift; path = SceneDelegate.swift; sourceTree = "<group>"; };
		749348D727EDE21900757B45 /* ViewController.swift */ = {isa = PBXFileReference; lastKnownFileType = sourcecode.swift; path = ViewController.swift; sourceTree = "<group>"; };
		749348DC27EDE21C00757B45 /* Assets.xcassets */ = {isa = PBXFileReference; lastKnownFileType = folder.assetcatalog; path = Assets.xcassets; sourceTree = "<group>"; };
		749348DF27EDE21C00757B45 /* Base */ = {isa = PBXFileReference; lastKnownFileType = file.storyboard; name = Base; path = Base.lproj/LaunchScreen.storyboard; sourceTree = "<group>"; };
		749348E127EDE21C00757B45 /* Info.plist */ = {isa = PBXFileReference; lastKnownFileType = text.plist.xml; path = Info.plist; sourceTree = "<group>"; };
		749348E627EDE21C00757B45 /* Mobile Up GalleryTests.xctest */ = {isa = PBXFileReference; explicitFileType = wrapper.cfbundle; includeInIndex = 0; path = "Mobile Up GalleryTests.xctest"; sourceTree = BUILT_PRODUCTS_DIR; };
		749348EA27EDE21C00757B45 /* Mobile_Up_GalleryTests.swift */ = {isa = PBXFileReference; lastKnownFileType = sourcecode.swift; path = Mobile_Up_GalleryTests.swift; sourceTree = "<group>"; };
		749348F027EDE21C00757B45 /* Mobile Up GalleryUITests.xctest */ = {isa = PBXFileReference; explicitFileType = wrapper.cfbundle; includeInIndex = 0; path = "Mobile Up GalleryUITests.xctest"; sourceTree = BUILT_PRODUCTS_DIR; };
		749348F427EDE21C00757B45 /* Mobile_Up_GalleryUITests.swift */ = {isa = PBXFileReference; lastKnownFileType = sourcecode.swift; path = Mobile_Up_GalleryUITests.swift; sourceTree = "<group>"; };
		749348F627EDE21C00757B45 /* Mobile_Up_GalleryUITestsLaunchTests.swift */ = {isa = PBXFileReference; lastKnownFileType = sourcecode.swift; path = Mobile_Up_GalleryUITestsLaunchTests.swift; sourceTree = "<group>"; };
		74AEB7E027EF4B1F00A5254A /* WebController.swift */ = {isa = PBXFileReference; lastKnownFileType = sourcecode.swift; path = WebController.swift; sourceTree = "<group>"; };
		74C3AE3B27F1FA7C00182B17 /* WKWebView.swift */ = {isa = PBXFileReference; lastKnownFileType = sourcecode.swift; path = WKWebView.swift; sourceTree = "<group>"; };
		74C3AE3D27F203B000182B17 /* ColCell.swift */ = {isa = PBXFileReference; lastKnownFileType = sourcecode.swift; path = ColCell.swift; sourceTree = "<group>"; };
		74C3AE3E27F203B000182B17 /* ColCell.xib */ = {isa = PBXFileReference; lastKnownFileType = file.xib; path = ColCell.xib; sourceTree = "<group>"; };
		BAA4496FC396948D28FD5433 /* Pods-Mobile Up GalleryTests.release.xcconfig */ = {isa = PBXFileReference; includeInIndex = 1; lastKnownFileType = text.xcconfig; name = "Pods-Mobile Up GalleryTests.release.xcconfig"; path = "Target Support Files/Pods-Mobile Up GalleryTests/Pods-Mobile Up GalleryTests.release.xcconfig"; sourceTree = "<group>"; };
		CDE3235A88BF08CAF5DA5CF8 /* Pods-Mobile Up GalleryTests.debug.xcconfig */ = {isa = PBXFileReference; includeInIndex = 1; lastKnownFileType = text.xcconfig; name = "Pods-Mobile Up GalleryTests.debug.xcconfig"; path = "Target Support Files/Pods-Mobile Up GalleryTests/Pods-Mobile Up GalleryTests.debug.xcconfig"; sourceTree = "<group>"; };
		ED213B04B9959F8DAD2BDCC0 /* Pods-Mobile Up Gallery.release.xcconfig */ = {isa = PBXFileReference; includeInIndex = 1; lastKnownFileType = text.xcconfig; name = "Pods-Mobile Up Gallery.release.xcconfig"; path = "Target Support Files/Pods-Mobile Up Gallery/Pods-Mobile Up Gallery.release.xcconfig"; sourceTree = "<group>"; };
		FFC7A25FACCA46426A4D44AC /* Pods-Mobile Up Gallery-Mobile Up GalleryUITests.release.xcconfig */ = {isa = PBXFileReference; includeInIndex = 1; lastKnownFileType = text.xcconfig; name = "Pods-Mobile Up Gallery-Mobile Up GalleryUITests.release.xcconfig"; path = "Target Support Files/Pods-Mobile Up Gallery-Mobile Up GalleryUITests/Pods-Mobile Up Gallery-Mobile Up GalleryUITests.release.xcconfig"; sourceTree = "<group>"; };
/* End PBXFileReference section */

/* Begin PBXFrameworksBuildPhase section */
		749348CD27EDE21900757B45 /* Frameworks */ = {
			isa = PBXFrameworksBuildPhase;
			buildActionMask = 2147483647;
			files = (
				950B842B8DB3F71A3ACB9A09 /* Pods_Mobile_Up_Gallery.framework in Frameworks */,
			);
			runOnlyForDeploymentPostprocessing = 0;
		};
		749348E327EDE21C00757B45 /* Frameworks */ = {
			isa = PBXFrameworksBuildPhase;
			buildActionMask = 2147483647;
			files = (
				00D7DFFEF3DD3680573E5D88 /* Pods_Mobile_Up_GalleryTests.framework in Frameworks */,
			);
			runOnlyForDeploymentPostprocessing = 0;
		};
		749348ED27EDE21C00757B45 /* Frameworks */ = {
			isa = PBXFrameworksBuildPhase;
			buildActionMask = 2147483647;
			files = (
				2ECEA9AC48E94768381E661C /* Pods_Mobile_Up_Gallery_Mobile_Up_GalleryUITests.framework in Frameworks */,
			);
			runOnlyForDeploymentPostprocessing = 0;
		};
/* End PBXFrameworksBuildPhase section */

/* Begin PBXGroup section */
		6C842AF0E4027F7A9F7B6985 /* Pods */ = {
			isa = PBXGroup;
			children = (
				501CAF80703B77F88C115783 /* Pods-Mobile Up Gallery.debug.xcconfig */,
				ED213B04B9959F8DAD2BDCC0 /* Pods-Mobile Up Gallery.release.xcconfig */,
				26F12E1E3A36645E6F1DE016 /* Pods-Mobile Up Gallery-Mobile Up GalleryUITests.debug.xcconfig */,
				FFC7A25FACCA46426A4D44AC /* Pods-Mobile Up Gallery-Mobile Up GalleryUITests.release.xcconfig */,
				CDE3235A88BF08CAF5DA5CF8 /* Pods-Mobile Up GalleryTests.debug.xcconfig */,
				BAA4496FC396948D28FD5433 /* Pods-Mobile Up GalleryTests.release.xcconfig */,
			);
			path = Pods;
			sourceTree = "<group>";
		};
		741A5CA527EF82BD001C67DC /* Extensions */ = {
			isa = PBXGroup;
			children = (
				741A5CA627EF82DB001C67DC /* UIFont.swift */,
				74C3AE3B27F1FA7C00182B17 /* WKWebView.swift */,
			);
			path = Extensions;
			sourceTree = "<group>";
		};
		741A5CA827EF83FA001C67DC /* UIElements */ = {
			isa = PBXGroup;
			children = (
				741A5CA927EF8431001C67DC /* Button.swift */,
				741A5CAB27EF84E7001C67DC /* Label.swift */,
				7440C20427F258A2001B3C6A /* ThirdCollectionViewCell.swift */,
			);
			path = UIElements;
			sourceTree = "<group>";
		};
		745D268527EF3DCE008D33D8 /* MobileFonts */ = {
			isa = PBXGroup;
			children = (
				741D275027EF3F2E0096E8D3 /* SFPRODISPLAYMEDIUM.OTF */,
				741A5CA327EF815E001C67DC /* SFPRODISPLAYBOLD.OTF */,
			);
			path = MobileFonts;
			sourceTree = "<group>";
		};
		7477565F27F0F0EA002447D6 /* Model */ = {
			isa = PBXGroup;
			children = (
				7425A06A27F0919A00D3136E /* AlbumModel.swift */,
				741A5CAD27EF8629001C67DC /* Model.swift */,
				7440C20027F229EE001B3C6A /* DownloadModel.swift */,
			);
			path = Model;
			sourceTree = "<group>";
		};
		7477566027F0F0F8002447D6 /* ViewControllers */ = {
			isa = PBXGroup;
			children = (
				7425A06D27F0A6DD00D3136E /* UICollectionViewViewController.xib */,
				749348D727EDE21900757B45 /* ViewController.swift */,
				7425A06C27F0A6DD00D3136E /* UICollectionViewViewController.swift */,
				74AEB7E027EF4B1F00A5254A /* WebController.swift */,
			);
			path = ViewControllers;
			sourceTree = "<group>";
		};
		749348C727EDE21900757B45 = {
			isa = PBXGroup;
			children = (
				745D268527EF3DCE008D33D8 /* MobileFonts */,
				749348D227EDE21900757B45 /* Mobile Up Gallery */,
				749348E927EDE21C00757B45 /* Mobile Up GalleryTests */,
				749348F327EDE21C00757B45 /* Mobile Up GalleryUITests */,
				749348D127EDE21900757B45 /* Products */,
				6C842AF0E4027F7A9F7B6985 /* Pods */,
				A4E098AE84E026D74996C610 /* Frameworks */,
			);
			sourceTree = "<group>";
		};
		749348D127EDE21900757B45 /* Products */ = {
			isa = PBXGroup;
			children = (
				749348D027EDE21900757B45 /* Mobile Up Gallery.app */,
				749348E627EDE21C00757B45 /* Mobile Up GalleryTests.xctest */,
				749348F027EDE21C00757B45 /* Mobile Up GalleryUITests.xctest */,
			);
			name = Products;
			sourceTree = "<group>";
		};
		749348D227EDE21900757B45 /* Mobile Up Gallery */ = {
			isa = PBXGroup;
			children = (
				749348D327EDE21900757B45 /* AppDelegate.swift */,
				749348D527EDE21900757B45 /* SceneDelegate.swift */,
				749348DC27EDE21C00757B45 /* Assets.xcassets */,
				74C3AE3D27F203B000182B17 /* ColCell.swift */,
				74C3AE3E27F203B000182B17 /* ColCell.xib */,
				749348DE27EDE21C00757B45 /* LaunchScreen.storyboard */,
				749348E127EDE21C00757B45 /* Info.plist */,
				7477565F27F0F0EA002447D6 /* Model */,
				7477566027F0F0F8002447D6 /* ViewControllers */,
				741A5CA527EF82BD001C67DC /* Extensions */,
				741A5CA827EF83FA001C67DC /* UIElements */,
				7440C20227F2536A001B3C6A /* SecondCell.swift */,
			);
			path = "Mobile Up Gallery";
			sourceTree = "<group>";
		};
		749348E927EDE21C00757B45 /* Mobile Up GalleryTests */ = {
			isa = PBXGroup;
			children = (
				749348EA27EDE21C00757B45 /* Mobile_Up_GalleryTests.swift */,
			);
			path = "Mobile Up GalleryTests";
			sourceTree = "<group>";
		};
		749348F327EDE21C00757B45 /* Mobile Up GalleryUITests */ = {
			isa = PBXGroup;
			children = (
				749348F427EDE21C00757B45 /* Mobile_Up_GalleryUITests.swift */,
				749348F627EDE21C00757B45 /* Mobile_Up_GalleryUITestsLaunchTests.swift */,
			);
			path = "Mobile Up GalleryUITests";
			sourceTree = "<group>";
		};
		A4E098AE84E026D74996C610 /* Frameworks */ = {
			isa = PBXGroup;
			children = (
				5FF4811EDB8A35B6F68A3C20 /* Pods_Mobile_Up_Gallery.framework */,
				0EEACA37B31C851367BACA28 /* Pods_Mobile_Up_Gallery_Mobile_Up_GalleryUITests.framework */,
				5255C7E5E317B947E63BF848 /* Pods_Mobile_Up_GalleryTests.framework */,
			);
			name = Frameworks;
			sourceTree = "<group>";
		};
/* End PBXGroup section */

/* Begin PBXNativeTarget section */
		749348CF27EDE21900757B45 /* Mobile Up Gallery */ = {
			isa = PBXNativeTarget;
			buildConfigurationList = 749348FA27EDE21C00757B45 /* Build configuration list for PBXNativeTarget "Mobile Up Gallery" */;
			buildPhases = (
				44E1110C14C2BCD89A442843 /* [CP] Check Pods Manifest.lock */,
				749348CC27EDE21900757B45 /* Sources */,
				749348CD27EDE21900757B45 /* Frameworks */,
				749348CE27EDE21900757B45 /* Resources */,
				3662EF868121CA3E5FEABB09 /* [CP] Embed Pods Frameworks */,
			);
			buildRules = (
			);
			dependencies = (
			);
			name = "Mobile Up Gallery";
			productName = "Mobile Up Gallery";
			productReference = 749348D027EDE21900757B45 /* Mobile Up Gallery.app */;
			productType = "com.apple.product-type.application";
		};
		749348E527EDE21C00757B45 /* Mobile Up GalleryTests */ = {
			isa = PBXNativeTarget;
			buildConfigurationList = 749348FD27EDE21C00757B45 /* Build configuration list for PBXNativeTarget "Mobile Up GalleryTests" */;
			buildPhases = (
				C5C777FFFBB85E71E91B858B /* [CP] Check Pods Manifest.lock */,
				749348E227EDE21C00757B45 /* Sources */,
				749348E327EDE21C00757B45 /* Frameworks */,
				749348E427EDE21C00757B45 /* Resources */,
			);
			buildRules = (
			);
			dependencies = (
				749348E827EDE21C00757B45 /* PBXTargetDependency */,
			);
			name = "Mobile Up GalleryTests";
			productName = "Mobile Up GalleryTests";
			productReference = 749348E627EDE21C00757B45 /* Mobile Up GalleryTests.xctest */;
			productType = "com.apple.product-type.bundle.unit-test";
		};
		749348EF27EDE21C00757B45 /* Mobile Up GalleryUITests */ = {
			isa = PBXNativeTarget;
			buildConfigurationList = 7493490027EDE21C00757B45 /* Build configuration list for PBXNativeTarget "Mobile Up GalleryUITests" */;
			buildPhases = (
				7C43FE7D27E314EB0379647F /* [CP] Check Pods Manifest.lock */,
				749348EC27EDE21C00757B45 /* Sources */,
				749348ED27EDE21C00757B45 /* Frameworks */,
				749348EE27EDE21C00757B45 /* Resources */,
				51CAFEF3FA4483C1642FD8E7 /* [CP] Embed Pods Frameworks */,
			);
			buildRules = (
			);
			dependencies = (
				749348F227EDE21C00757B45 /* PBXTargetDependency */,
			);
			name = "Mobile Up GalleryUITests";
			productName = "Mobile Up GalleryUITests";
			productReference = 749348F027EDE21C00757B45 /* Mobile Up GalleryUITests.xctest */;
			productType = "com.apple.product-type.bundle.ui-testing";
		};
/* End PBXNativeTarget section */

/* Begin PBXProject section */
		749348C827EDE21900757B45 /* Project object */ = {
			isa = PBXProject;
			attributes = {
				BuildIndependentTargetsInParallel = 1;
				LastSwiftUpdateCheck = 1330;
				LastUpgradeCheck = 1330;
				TargetAttributes = {
					749348CF27EDE21900757B45 = {
						CreatedOnToolsVersion = 13.3;
					};
					749348E527EDE21C00757B45 = {
						CreatedOnToolsVersion = 13.3;
						TestTargetID = 749348CF27EDE21900757B45;
					};
					749348EF27EDE21C00757B45 = {
						CreatedOnToolsVersion = 13.3;
						TestTargetID = 749348CF27EDE21900757B45;
					};
				};
			};
			buildConfigurationList = 749348CB27EDE21900757B45 /* Build configuration list for PBXProject "Mobile Up Gallery" */;
			compatibilityVersion = "Xcode 13.0";
			developmentRegion = en;
			hasScannedForEncodings = 0;
			knownRegions = (
				en,
				Base,
			);
			mainGroup = 749348C727EDE21900757B45;
			productRefGroup = 749348D127EDE21900757B45 /* Products */;
			projectDirPath = "";
			projectRoot = "";
			targets = (
				749348CF27EDE21900757B45 /* Mobile Up Gallery */,
				749348E527EDE21C00757B45 /* Mobile Up GalleryTests */,
				749348EF27EDE21C00757B45 /* Mobile Up GalleryUITests */,
			);
		};
/* End PBXProject section */

/* Begin PBXResourcesBuildPhase section */
		749348CE27EDE21900757B45 /* Resources */ = {
			isa = PBXResourcesBuildPhase;
			buildActionMask = 2147483647;
			files = (
				741A5CA427EF815E001C67DC /* SFPRODISPLAYBOLD.OTF in Resources */,
				7425A06F27F0A6DD00D3136E /* UICollectionViewViewController.xib in Resources */,
				74C3AE4027F203B000182B17 /* ColCell.xib in Resources */,
				749348E027EDE21C00757B45 /* LaunchScreen.storyboard in Resources */,
				749348DD27EDE21C00757B45 /* Assets.xcassets in Resources */,
				741D275127EF3F2E0096E8D3 /* SFPRODISPLAYMEDIUM.OTF in Resources */,
			);
			runOnlyForDeploymentPostprocessing = 0;
		};
		749348E427EDE21C00757B45 /* Resources */ = {
			isa = PBXResourcesBuildPhase;
			buildActionMask = 2147483647;
			files = (
			);
			runOnlyForDeploymentPostprocessing = 0;
		};
		749348EE27EDE21C00757B45 /* Resources */ = {
			isa = PBXResourcesBuildPhase;
			buildActionMask = 2147483647;
			files = (
			);
			runOnlyForDeploymentPostprocessing = 0;
		};
/* End PBXResourcesBuildPhase section */

/* Begin PBXShellScriptBuildPhase section */
		3662EF868121CA3E5FEABB09 /* [CP] Embed Pods Frameworks */ = {
			isa = PBXShellScriptBuildPhase;
			buildActionMask = 2147483647;
			files = (
			);
			inputFileListPaths = (
				"${PODS_ROOT}/Target Support Files/Pods-Mobile Up Gallery/Pods-Mobile Up Gallery-frameworks-${CONFIGURATION}-input-files.xcfilelist",
			);
			name = "[CP] Embed Pods Frameworks";
			outputFileListPaths = (
				"${PODS_ROOT}/Target Support Files/Pods-Mobile Up Gallery/Pods-Mobile Up Gallery-frameworks-${CONFIGURATION}-output-files.xcfilelist",
			);
			runOnlyForDeploymentPostprocessing = 0;
			shellPath = /bin/sh;
			shellScript = "\"${PODS_ROOT}/Target Support Files/Pods-Mobile Up Gallery/Pods-Mobile Up Gallery-frameworks.sh\"\n";
			showEnvVarsInLog = 0;
		};
		44E1110C14C2BCD89A442843 /* [CP] Check Pods Manifest.lock */ = {
			isa = PBXShellScriptBuildPhase;
			buildActionMask = 2147483647;
			files = (
			);
			inputFileListPaths = (
			);
			inputPaths = (
				"${PODS_PODFILE_DIR_PATH}/Podfile.lock",
				"${PODS_ROOT}/Manifest.lock",
			);
			name = "[CP] Check Pods Manifest.lock";
			outputFileListPaths = (
			);
			outputPaths = (
				"$(DERIVED_FILE_DIR)/Pods-Mobile Up Gallery-checkManifestLockResult.txt",
			);
			runOnlyForDeploymentPostprocessing = 0;
			shellPath = /bin/sh;
			shellScript = "diff \"${PODS_PODFILE_DIR_PATH}/Podfile.lock\" \"${PODS_ROOT}/Manifest.lock\" > /dev/null\nif [ $? != 0 ] ; then\n    # print error to STDERR\n    echo \"error: The sandbox is not in sync with the Podfile.lock. Run 'pod install' or update your CocoaPods installation.\" >&2\n    exit 1\nfi\n# This output is used by Xcode 'outputs' to avoid re-running this script phase.\necho \"SUCCESS\" > \"${SCRIPT_OUTPUT_FILE_0}\"\n";
			showEnvVarsInLog = 0;
		};
		51CAFEF3FA4483C1642FD8E7 /* [CP] Embed Pods Frameworks */ = {
			isa = PBXShellScriptBuildPhase;
			buildActionMask = 2147483647;
			files = (
			);
			inputFileListPaths = (
				"${PODS_ROOT}/Target Support Files/Pods-Mobile Up Gallery-Mobile Up GalleryUITests/Pods-Mobile Up Gallery-Mobile Up GalleryUITests-frameworks-${CONFIGURATION}-input-files.xcfilelist",
			);
			name = "[CP] Embed Pods Frameworks";
			outputFileListPaths = (
				"${PODS_ROOT}/Target Support Files/Pods-Mobile Up Gallery-Mobile Up GalleryUITests/Pods-Mobile Up Gallery-Mobile Up GalleryUITests-frameworks-${CONFIGURATION}-output-files.xcfilelist",
			);
			runOnlyForDeploymentPostprocessing = 0;
			shellPath = /bin/sh;
			shellScript = "\"${PODS_ROOT}/Target Support Files/Pods-Mobile Up Gallery-Mobile Up GalleryUITests/Pods-Mobile Up Gallery-Mobile Up GalleryUITests-frameworks.sh\"\n";
			showEnvVarsInLog = 0;
		};
		7C43FE7D27E314EB0379647F /* [CP] Check Pods Manifest.lock */ = {
			isa = PBXShellScriptBuildPhase;
			buildActionMask = 2147483647;
			files = (
			);
			inputFileListPaths = (
			);
			inputPaths = (
				"${PODS_PODFILE_DIR_PATH}/Podfile.lock",
				"${PODS_ROOT}/Manifest.lock",
			);
			name = "[CP] Check Pods Manifest.lock";
			outputFileListPaths = (
			);
			outputPaths = (
				"$(DERIVED_FILE_DIR)/Pods-Mobile Up Gallery-Mobile Up GalleryUITests-checkManifestLockResult.txt",
			);
			runOnlyForDeploymentPostprocessing = 0;
			shellPath = /bin/sh;
			shellScript = "diff \"${PODS_PODFILE_DIR_PATH}/Podfile.lock\" \"${PODS_ROOT}/Manifest.lock\" > /dev/null\nif [ $? != 0 ] ; then\n    # print error to STDERR\n    echo \"error: The sandbox is not in sync with the Podfile.lock. Run 'pod install' or update your CocoaPods installation.\" >&2\n    exit 1\nfi\n# This output is used by Xcode 'outputs' to avoid re-running this script phase.\necho \"SUCCESS\" > \"${SCRIPT_OUTPUT_FILE_0}\"\n";
			showEnvVarsInLog = 0;
		};
		C5C777FFFBB85E71E91B858B /* [CP] Check Pods Manifest.lock */ = {
			isa = PBXShellScriptBuildPhase;
			buildActionMask = 2147483647;
			files = (
			);
			inputFileListPaths = (
			);
			inputPaths = (
				"${PODS_PODFILE_DIR_PATH}/Podfile.lock",
				"${PODS_ROOT}/Manifest.lock",
			);
			name = "[CP] Check Pods Manifest.lock";
			outputFileListPaths = (
			);
			outputPaths = (
				"$(DERIVED_FILE_DIR)/Pods-Mobile Up GalleryTests-checkManifestLockResult.txt",
			);
			runOnlyForDeploymentPostprocessing = 0;
			shellPath = /bin/sh;
			shellScript = "diff \"${PODS_PODFILE_DIR_PATH}/Podfile.lock\" \"${PODS_ROOT}/Manifest.lock\" > /dev/null\nif [ $? != 0 ] ; then\n    # print error to STDERR\n    echo \"error: The sandbox is not in sync with the Podfile.lock. Run 'pod install' or update your CocoaPods installation.\" >&2\n    exit 1\nfi\n# This output is used by Xcode 'outputs' to avoid re-running this script phase.\necho \"SUCCESS\" > \"${SCRIPT_OUTPUT_FILE_0}\"\n";
			showEnvVarsInLog = 0;
		};
/* End PBXShellScriptBuildPhase section */

/* Begin PBXSourcesBuildPhase section */
		749348CC27EDE21900757B45 /* Sources */ = {
			isa = PBXSourcesBuildPhase;
			buildActionMask = 2147483647;
			files = (
				74C3AE3C27F1FA7C00182B17 /* WKWebView.swift in Sources */,
				74AEB7E127EF4B1F00A5254A /* WebController.swift in Sources */,
				741A5CAA27EF8431001C67DC /* Button.swift in Sources */,
				749348D827EDE21900757B45 /* ViewController.swift in Sources */,
				749348D427EDE21900757B45 /* AppDelegate.swift in Sources */,
				741A5CA727EF82DB001C67DC /* UIFont.swift in Sources */,
				741A5CAC27EF84E7001C67DC /* Label.swift in Sources */,
				749348D627EDE21900757B45 /* SceneDelegate.swift in Sources */,
				7425A06E27F0A6DD00D3136E /* UICollectionViewViewController.swift in Sources */,
				7440C20327F2536A001B3C6A /* SecondCell.swift in Sources */,
				7440C20127F229EE001B3C6A /* DownloadModel.swift in Sources */,
				741A5CAE27EF8629001C67DC /* Model.swift in Sources */,
				7440C20527F258A2001B3C6A /* ThirdCollectionViewCell.swift in Sources */,
				74C3AE3F27F203B000182B17 /* ColCell.swift in Sources */,
				7425A06B27F0919A00D3136E /* AlbumModel.swift in Sources */,
			);
			runOnlyForDeploymentPostprocessing = 0;
		};
		749348E227EDE21C00757B45 /* Sources */ = {
			isa = PBXSourcesBuildPhase;
			buildActionMask = 2147483647;
			files = (
				749348EB27EDE21C00757B45 /* Mobile_Up_GalleryTests.swift in Sources */,
			);
			runOnlyForDeploymentPostprocessing = 0;
		};
		749348EC27EDE21C00757B45 /* Sources */ = {
			isa = PBXSourcesBuildPhase;
			buildActionMask = 2147483647;
			files = (
				749348F727EDE21C00757B45 /* Mobile_Up_GalleryUITestsLaunchTests.swift in Sources */,
				749348F527EDE21C00757B45 /* Mobile_Up_GalleryUITests.swift in Sources */,
			);
			runOnlyForDeploymentPostprocessing = 0;
		};
/* End PBXSourcesBuildPhase section */

/* Begin PBXTargetDependency section */
		749348E827EDE21C00757B45 /* PBXTargetDependency */ = {
			isa = PBXTargetDependency;
			target = 749348CF27EDE21900757B45 /* Mobile Up Gallery */;
			targetProxy = 749348E727EDE21C00757B45 /* PBXContainerItemProxy */;
		};
		749348F227EDE21C00757B45 /* PBXTargetDependency */ = {
			isa = PBXTargetDependency;
			target = 749348CF27EDE21900757B45 /* Mobile Up Gallery */;
			targetProxy = 749348F127EDE21C00757B45 /* PBXContainerItemProxy */;
		};
/* End PBXTargetDependency section */

/* Begin PBXVariantGroup section */
		749348DE27EDE21C00757B45 /* LaunchScreen.storyboard */ = {
			isa = PBXVariantGroup;
			children = (
				749348DF27EDE21C00757B45 /* Base */,
			);
			name = LaunchScreen.storyboard;
			sourceTree = "<group>";
		};
/* End PBXVariantGroup section */

/* Begin XCBuildConfiguration section */
		749348F827EDE21C00757B45 /* Debug */ = {
			isa = XCBuildConfiguration;
			buildSettings = {
				ALWAYS_SEARCH_USER_PATHS = NO;
				CLANG_ANALYZER_NONNULL = YES;
				CLANG_ANALYZER_NUMBER_OBJECT_CONVERSION = YES_AGGRESSIVE;
				CLANG_CXX_LANGUAGE_STANDARD = "gnu++17";
				CLANG_ENABLE_MODULES = YES;
				CLANG_ENABLE_OBJC_ARC = YES;
				CLANG_ENABLE_OBJC_WEAK = YES;
				CLANG_WARN_BLOCK_CAPTURE_AUTORELEASING = YES;
				CLANG_WARN_BOOL_CONVERSION = YES;
				CLANG_WARN_COMMA = YES;
				CLANG_WARN_CONSTANT_CONVERSION = YES;
				CLANG_WARN_DEPRECATED_OBJC_IMPLEMENTATIONS = YES;
				CLANG_WARN_DIRECT_OBJC_ISA_USAGE = YES_ERROR;
				CLANG_WARN_DOCUMENTATION_COMMENTS = YES;
				CLANG_WARN_EMPTY_BODY = YES;
				CLANG_WARN_ENUM_CONVERSION = YES;
				CLANG_WARN_INFINITE_RECURSION = YES;
				CLANG_WARN_INT_CONVERSION = YES;
				CLANG_WARN_NON_LITERAL_NULL_CONVERSION = YES;
				CLANG_WARN_OBJC_IMPLICIT_RETAIN_SELF = YES;
				CLANG_WARN_OBJC_LITERAL_CONVERSION = YES;
				CLANG_WARN_OBJC_ROOT_CLASS = YES_ERROR;
				CLANG_WARN_QUOTED_INCLUDE_IN_FRAMEWORK_HEADER = YES;
				CLANG_WARN_RANGE_LOOP_ANALYSIS = YES;
				CLANG_WARN_STRICT_PROTOTYPES = YES;
				CLANG_WARN_SUSPICIOUS_MOVE = YES;
				CLANG_WARN_UNGUARDED_AVAILABILITY = YES_AGGRESSIVE;
				CLANG_WARN_UNREACHABLE_CODE = YES;
				CLANG_WARN__DUPLICATE_METHOD_MATCH = YES;
				COPY_PHASE_STRIP = NO;
				DEBUG_INFORMATION_FORMAT = dwarf;
				ENABLE_STRICT_OBJC_MSGSEND = YES;
				ENABLE_TESTABILITY = YES;
				GCC_C_LANGUAGE_STANDARD = gnu11;
				GCC_DYNAMIC_NO_PIC = NO;
				GCC_NO_COMMON_BLOCKS = YES;
				GCC_OPTIMIZATION_LEVEL = 0;
				GCC_PREPROCESSOR_DEFINITIONS = (
					"DEBUG=1",
					"$(inherited)",
				);
				GCC_WARN_64_TO_32_BIT_CONVERSION = YES;
				GCC_WARN_ABOUT_RETURN_TYPE = YES_ERROR;
				GCC_WARN_UNDECLARED_SELECTOR = YES;
				GCC_WARN_UNINITIALIZED_AUTOS = YES_AGGRESSIVE;
				GCC_WARN_UNUSED_FUNCTION = YES;
				GCC_WARN_UNUSED_VARIABLE = YES;
				IPHONEOS_DEPLOYMENT_TARGET = 15.4;
				MTL_ENABLE_DEBUG_INFO = INCLUDE_SOURCE;
				MTL_FAST_MATH = YES;
				ONLY_ACTIVE_ARCH = YES;
				SDKROOT = iphoneos;
				SWIFT_ACTIVE_COMPILATION_CONDITIONS = DEBUG;
				SWIFT_OPTIMIZATION_LEVEL = "-Onone";
			};
			name = Debug;
		};
		749348F927EDE21C00757B45 /* Release */ = {
			isa = XCBuildConfiguration;
			buildSettings = {
				ALWAYS_SEARCH_USER_PATHS = NO;
				CLANG_ANALYZER_NONNULL = YES;
				CLANG_ANALYZER_NUMBER_OBJECT_CONVERSION = YES_AGGRESSIVE;
				CLANG_CXX_LANGUAGE_STANDARD = "gnu++17";
				CLANG_ENABLE_MODULES = YES;
				CLANG_ENABLE_OBJC_ARC = YES;
				CLANG_ENABLE_OBJC_WEAK = YES;
				CLANG_WARN_BLOCK_CAPTURE_AUTORELEASING = YES;
				CLANG_WARN_BOOL_CONVERSION = YES;
				CLANG_WARN_COMMA = YES;
				CLANG_WARN_CONSTANT_CONVERSION = YES;
				CLANG_WARN_DEPRECATED_OBJC_IMPLEMENTATIONS = YES;
				CLANG_WARN_DIRECT_OBJC_ISA_USAGE = YES_ERROR;
				CLANG_WARN_DOCUMENTATION_COMMENTS = YES;
				CLANG_WARN_EMPTY_BODY = YES;
				CLANG_WARN_ENUM_CONVERSION = YES;
				CLANG_WARN_INFINITE_RECURSION = YES;
				CLANG_WARN_INT_CONVERSION = YES;
				CLANG_WARN_NON_LITERAL_NULL_CONVERSION = YES;
				CLANG_WARN_OBJC_IMPLICIT_RETAIN_SELF = YES;
				CLANG_WARN_OBJC_LITERAL_CONVERSION = YES;
				CLANG_WARN_OBJC_ROOT_CLASS = YES_ERROR;
				CLANG_WARN_QUOTED_INCLUDE_IN_FRAMEWORK_HEADER = YES;
				CLANG_WARN_RANGE_LOOP_ANALYSIS = YES;
				CLANG_WARN_STRICT_PROTOTYPES = YES;
				CLANG_WARN_SUSPICIOUS_MOVE = YES;
				CLANG_WARN_UNGUARDED_AVAILABILITY = YES_AGGRESSIVE;
				CLANG_WARN_UNREACHABLE_CODE = YES;
				CLANG_WARN__DUPLICATE_METHOD_MATCH = YES;
				COPY_PHASE_STRIP = NO;
				DEBUG_INFORMATION_FORMAT = "dwarf-with-dsym";
				ENABLE_NS_ASSERTIONS = NO;
				ENABLE_STRICT_OBJC_MSGSEND = YES;
				GCC_C_LANGUAGE_STANDARD = gnu11;
				GCC_NO_COMMON_BLOCKS = YES;
				GCC_WARN_64_TO_32_BIT_CONVERSION = YES;
				GCC_WARN_ABOUT_RETURN_TYPE = YES_ERROR;
				GCC_WARN_UNDECLARED_SELECTOR = YES;
				GCC_WARN_UNINITIALIZED_AUTOS = YES_AGGRESSIVE;
				GCC_WARN_UNUSED_FUNCTION = YES;
				GCC_WARN_UNUSED_VARIABLE = YES;
				IPHONEOS_DEPLOYMENT_TARGET = 15.4;
				MTL_ENABLE_DEBUG_INFO = NO;
				MTL_FAST_MATH = YES;
				SDKROOT = iphoneos;
				SWIFT_COMPILATION_MODE = wholemodule;
				SWIFT_OPTIMIZATION_LEVEL = "-O";
				VALIDATE_PRODUCT = YES;
			};
			name = Release;
		};
		749348FB27EDE21C00757B45 /* Debug */ = {
			isa = XCBuildConfiguration;
			baseConfigurationReference = 501CAF80703B77F88C115783 /* Pods-Mobile Up Gallery.debug.xcconfig */;
			buildSettings = {
				ASSETCATALOG_COMPILER_APPICON_NAME = AppIcon;
				ASSETCATALOG_COMPILER_GLOBAL_ACCENT_COLOR_NAME = AccentColor;
				CODE_SIGN_STYLE = Automatic;
				CURRENT_PROJECT_VERSION = 1;
				DEVELOPMENT_TEAM = U2FVAML6Y7;
				GENERATE_INFOPLIST_FILE = YES;
				INFOPLIST_FILE = "Mobile Up Gallery/Info.plist";
				INFOPLIST_KEY_UIApplicationSupportsIndirectInputEvents = YES;
				INFOPLIST_KEY_UILaunchStoryboardName = LaunchScreen;
				INFOPLIST_KEY_UISupportedInterfaceOrientations = "UIInterfaceOrientationPortrait UIInterfaceOrientationPortraitUpsideDown";
				INFOPLIST_KEY_UISupportedInterfaceOrientations_iPad = "UIInterfaceOrientationPortrait UIInterfaceOrientationPortraitUpsideDown UIInterfaceOrientationLandscapeLeft UIInterfaceOrientationLandscapeRight";
				INFOPLIST_KEY_UISupportedInterfaceOrientations_iPhone = "UIInterfaceOrientationPortrait UIInterfaceOrientationLandscapeLeft UIInterfaceOrientationLandscapeRight";
				IPHONEOS_DEPLOYMENT_TARGET = 13.0;
				LD_RUNPATH_SEARCH_PATHS = (
					"$(inherited)",
					"@executable_path/Frameworks",
				);
				MARKETING_VERSION = 1.2;
				PRODUCT_BUNDLE_IDENTIFIER = "com.kayan.Mobile-Up-Gallery";
				PRODUCT_NAME = "$(TARGET_NAME)";
				SWIFT_EMIT_LOC_STRINGS = YES;
				SWIFT_VERSION = 5.0;
				TARGETED_DEVICE_FAMILY = 1;
			};
			name = Debug;
		};
		749348FC27EDE21C00757B45 /* Release */ = {
			isa = XCBuildConfiguration;
			baseConfigurationReference = ED213B04B9959F8DAD2BDCC0 /* Pods-Mobile Up Gallery.release.xcconfig */;
			buildSettings = {
				ASSETCATALOG_COMPILER_APPICON_NAME = AppIcon;
				ASSETCATALOG_COMPILER_GLOBAL_ACCENT_COLOR_NAME = AccentColor;
				CODE_SIGN_STYLE = Automatic;
				CURRENT_PROJECT_VERSION = 1;
				DEVELOPMENT_TEAM = U2FVAML6Y7;
				GENERATE_INFOPLIST_FILE = YES;
				INFOPLIST_FILE = "Mobile Up Gallery/Info.plist";
				INFOPLIST_KEY_UIApplicationSupportsIndirectInputEvents = YES;
				INFOPLIST_KEY_UILaunchStoryboardName = LaunchScreen;
				INFOPLIST_KEY_UISupportedInterfaceOrientations = "UIInterfaceOrientationPortrait UIInterfaceOrientationPortraitUpsideDown";
				INFOPLIST_KEY_UISupportedInterfaceOrientations_iPad = "UIInterfaceOrientationPortrait UIInterfaceOrientationPortraitUpsideDown UIInterfaceOrientationLandscapeLeft UIInterfaceOrientationLandscapeRight";
				INFOPLIST_KEY_UISupportedInterfaceOrientations_iPhone = "UIInterfaceOrientationPortrait UIInterfaceOrientationLandscapeLeft UIInterfaceOrientationLandscapeRight";
				IPHONEOS_DEPLOYMENT_TARGET = 13.0;
				LD_RUNPATH_SEARCH_PATHS = (
					"$(inherited)",
					"@executable_path/Frameworks",
				);
				MARKETING_VERSION = 1.2;
				PRODUCT_BUNDLE_IDENTIFIER = "com.kayan.Mobile-Up-Gallery";
				PRODUCT_NAME = "$(TARGET_NAME)";
				SWIFT_EMIT_LOC_STRINGS = YES;
				SWIFT_VERSION = 5.0;
				TARGETED_DEVICE_FAMILY = 1;
			};
			name = Release;
		};
		749348FE27EDE21C00757B45 /* Debug */ = {
			isa = XCBuildConfiguration;
			baseConfigurationReference = CDE3235A88BF08CAF5DA5CF8 /* Pods-Mobile Up GalleryTests.debug.xcconfig */;
			buildSettings = {
				ALWAYS_EMBED_SWIFT_STANDARD_LIBRARIES = YES;
				BUNDLE_LOADER = "$(TEST_HOST)";
				CODE_SIGN_STYLE = Automatic;
				CURRENT_PROJECT_VERSION = 1;
				DEVELOPMENT_TEAM = U2FVAML6Y7;
				GENERATE_INFOPLIST_FILE = YES;
				IPHONEOS_DEPLOYMENT_TARGET = 15.4;
				MARKETING_VERSION = 1.0;
				PRODUCT_BUNDLE_IDENTIFIER = "com.kayan.Mobile-Up-GalleryTests";
				PRODUCT_NAME = "$(TARGET_NAME)";
				SWIFT_EMIT_LOC_STRINGS = NO;
				SWIFT_VERSION = 5.0;
				TARGETED_DEVICE_FAMILY = "1,2";
				TEST_HOST = "$(BUILT_PRODUCTS_DIR)/Mobile Up Gallery.app/Mobile Up Gallery";
			};
			name = Debug;
		};
		749348FF27EDE21C00757B45 /* Release */ = {
			isa = XCBuildConfiguration;
			baseConfigurationReference = BAA4496FC396948D28FD5433 /* Pods-Mobile Up GalleryTests.release.xcconfig */;
			buildSettings = {
				ALWAYS_EMBED_SWIFT_STANDARD_LIBRARIES = YES;
				BUNDLE_LOADER = "$(TEST_HOST)";
				CODE_SIGN_STYLE = Automatic;
				CURRENT_PROJECT_VERSION = 1;
				DEVELOPMENT_TEAM = U2FVAML6Y7;
				GENERATE_INFOPLIST_FILE = YES;
				IPHONEOS_DEPLOYMENT_TARGET = 15.4;
				MARKETING_VERSION = 1.0;
				PRODUCT_BUNDLE_IDENTIFIER = "com.kayan.Mobile-Up-GalleryTests";
				PRODUCT_NAME = "$(TARGET_NAME)";
				SWIFT_EMIT_LOC_STRINGS = NO;
				SWIFT_VERSION = 5.0;
				TARGETED_DEVICE_FAMILY = "1,2";
				TEST_HOST = "$(BUILT_PRODUCTS_DIR)/Mobile Up Gallery.app/Mobile Up Gallery";
			};
			name = Release;
		};
		7493490127EDE21C00757B45 /* Debug */ = {
			isa = XCBuildConfiguration;
			baseConfigurationReference = 26F12E1E3A36645E6F1DE016 /* Pods-Mobile Up Gallery-Mobile Up GalleryUITests.debug.xcconfig */;
			buildSettings = {
				ALWAYS_EMBED_SWIFT_STANDARD_LIBRARIES = YES;
				CODE_SIGN_STYLE = Automatic;
				CURRENT_PROJECT_VERSION = 1;
				DEVELOPMENT_TEAM = U2FVAML6Y7;
				GENERATE_INFOPLIST_FILE = YES;
				MARKETING_VERSION = 1.0;
				PRODUCT_BUNDLE_IDENTIFIER = "com.kayan.Mobile-Up-GalleryUITests";
				PRODUCT_NAME = "$(TARGET_NAME)";
				SWIFT_EMIT_LOC_STRINGS = NO;
				SWIFT_VERSION = 5.0;
				TARGETED_DEVICE_FAMILY = "1,2";
				TEST_TARGET_NAME = "Mobile Up Gallery";
			};
			name = Debug;
		};
		7493490227EDE21C00757B45 /* Release */ = {
			isa = XCBuildConfiguration;
			baseConfigurationReference = FFC7A25FACCA46426A4D44AC /* Pods-Mobile Up Gallery-Mobile Up GalleryUITests.release.xcconfig */;
			buildSettings = {
				ALWAYS_EMBED_SWIFT_STANDARD_LIBRARIES = YES;
				CODE_SIGN_STYLE = Automatic;
				CURRENT_PROJECT_VERSION = 1;
				DEVELOPMENT_TEAM = U2FVAML6Y7;
				GENERATE_INFOPLIST_FILE = YES;
				MARKETING_VERSION = 1.0;
				PRODUCT_BUNDLE_IDENTIFIER = "com.kayan.Mobile-Up-GalleryUITests";
				PRODUCT_NAME = "$(TARGET_NAME)";
				SWIFT_EMIT_LOC_STRINGS = NO;
				SWIFT_VERSION = 5.0;
				TARGETED_DEVICE_FAMILY = "1,2";
				TEST_TARGET_NAME = "Mobile Up Gallery";
			};
			name = Release;
		};
/* End XCBuildConfiguration section */

/* Begin XCConfigurationList section */
		749348CB27EDE21900757B45 /* Build configuration list for PBXProject "Mobile Up Gallery" */ = {
			isa = XCConfigurationList;
			buildConfigurations = (
				749348F827EDE21C00757B45 /* Debug */,
				749348F927EDE21C00757B45 /* Release */,
			);
			defaultConfigurationIsVisible = 0;
			defaultConfigurationName = Release;
		};
		749348FA27EDE21C00757B45 /* Build configuration list for PBXNativeTarget "Mobile Up Gallery" */ = {
			isa = XCConfigurationList;
			buildConfigurations = (
				749348FB27EDE21C00757B45 /* Debug */,
				749348FC27EDE21C00757B45 /* Release */,
			);
			defaultConfigurationIsVisible = 0;
			defaultConfigurationName = Release;
		};
		749348FD27EDE21C00757B45 /* Build configuration list for PBXNativeTarget "Mobile Up GalleryTests" */ = {
			isa = XCConfigurationList;
			buildConfigurations = (
				749348FE27EDE21C00757B45 /* Debug */,
				749348FF27EDE21C00757B45 /* Release */,
			);
			defaultConfigurationIsVisible = 0;
			defaultConfigurationName = Release;
		};
		7493490027EDE21C00757B45 /* Build configuration list for PBXNativeTarget "Mobile Up GalleryUITests" */ = {
			isa = XCConfigurationList;
			buildConfigurations = (
				7493490127EDE21C00757B45 /* Debug */,
				7493490227EDE21C00757B45 /* Release */,
			);
			defaultConfigurationIsVisible = 0;
			defaultConfigurationName = Release;
		};
/* End XCConfigurationList section */
	};
	rootObject = 749348C827EDE21900757B45 /* Project object */;
}
